<Solution>
  <Project Path="Unity.Timeline.csproj" />
  <Project Path="Unity.PlasticSCM.Editor.csproj" />
  <Project Path="DoozyRuntime.csproj" />
  <Project Path="Assembly-CSharp.csproj" />
  <Project Path="Oculus.Interaction.Editor.csproj" />
  <Project Path="Unity.Timeline.Editor.csproj" />
  <Project Path="Unity.Multiplayer.Center.Editor.csproj" />
  <Project Path="Oculus.Platform.csproj" />
  <Project Path="UnityEngine.UI.csproj" />
  <Project Path="Siccity.GLTFUtility.csproj" />
  <Project Path="Unity.VisualScripting.Core.Editor.csproj" />
  <Project Path="UnityEngine.TestRunner.csproj" />
  <Project Path="Unity.XR.OpenXR.csproj" />
  <Project Path="Unity.XR.Oculus.csproj" />
  <Project Path="DoozyEditor.csproj" />
  <Project Path="Unity.VisualScripting.Flow.Editor.csproj" />
  <Project Path="Unity.VisualStudio.Editor.csproj" />
  <Project Path="Unity.XR.Oculus.Editor.csproj" />
  <Project Path="Oculus.VR.csproj" />
  <Project Path="Unity.InputSystem.csproj" />
  <Project Path="Oculus.Interaction.csproj" />
  <Project Path="Facebook.WitAI.csproj" />
  <Project Path="Unity.XR.CoreUtils.csproj" />
  <Project Path="UnityEditor.TestRunner.csproj" />
  <Project Path="Unity.VisualScripting.Core.csproj" />
  <Project Path="Oculus.LipSync.csproj" />
  <Project Path="Unity.AI.Navigation.Editor.ConversionSystem.csproj" />
  <Project Path="Unity.VisualScripting.State.Editor.csproj" />
  <Project Path="Unity.TestTools.CodeCoverage.Editor.csproj" />
  <Project Path="Unity.VisualScripting.Flow.csproj" />
  <Project Path="Oculus.Interaction.Samples.csproj" />
  <Project Path="Facebook.Wit.Editor.csproj" />
  <Project Path="Unity.TestTools.CodeCoverage.Editor.OpenCover.Model.csproj" />
  <Project Path="Facebook.Wit.TTS.csproj" />
  <Project Path="Unity.TextMeshPro.csproj" />
  <Project Path="Unity.TextMeshPro.Editor.csproj" />
  <Project Path="Unity.TestTools.CodeCoverage.Editor.OpenCover.Mono.Reflection.csproj" />
  <Project Path="Unity.Rider.Editor.csproj" />
  <Project Path="Unity.VisualScripting.State.csproj" />
  <Project Path="Unity.AI.Navigation.Updater.csproj" />
  <Project Path="VoiceSDK.Dictation.Runtime.csproj" />
  <Project Path="Unity.Performance.Profile-Analyzer.Editor.csproj" />
  <Project Path="VoiceSDK.Editor.csproj" />
  <Project Path="UnityEditor.UI.csproj" />
  <Project Path="Facebook.Wit.TTS.Samples.csproj" />
  <Project Path="Unity.XR.CoreUtils.Editor.csproj" />
  <Project Path="Unity.AI.Navigation.Editor.csproj" />
  <Project Path="Unity.XR.OpenXR.Editor.csproj" />
  <Project Path="Unity.Multiplayer.Center.Common.csproj" />
  <Project Path="LitJson.csproj" />
  <Project Path="Unity.XR.Management.Editor.csproj" />
  <Project Path="Unity.XR.OpenXR.Features.MetaQuestSupport.Editor.csproj" />
  <Project Path="Oculus.Interaction.Samples.Editor.csproj" />
  <Project Path="Assembly-CSharp-Editor.csproj" />
  <Project Path="Facebook.Wit.TTS.Editor.csproj" />
  <Project Path="Unity.InputSystem.ForUI.csproj" />
  <Project Path="Unity.AI.Navigation.csproj" />
  <Project Path="Oculus.Platform.Editor.csproj" />
  <Project Path="Facebook.Wit.Dictation.csproj" />
  <Project Path="Unity.XR.Management.csproj" />
  <Project Path="Unity.VisualScripting.SettingsProvider.Editor.csproj" />
  <Project Path="UnityEditor.UI.Analytics.csproj" />
  <Project Path="Oculus.AudioManager.Utils.Editor.csproj" />
  <Project Path="Unity.VSCode.Editor.csproj" />
  <Project Path="Siccity.GLTFUtility.Editor.csproj" />
  <Project Path="Dracodec.csproj" />
  <Project Path="Oculus.Voice.Demo.csproj" />
  <Project Path="Unity.Settings.Editor.csproj" />
  <Project Path="Oculus.VR.Scripts.Editor.csproj" />
  <Project Path="Unity.InputSystem.TestFramework.csproj" />
  <Project Path="Oculus.VR.Editor.csproj" />
  <Project Path="UnityEditor.XR.LegacyInputHelpers.csproj" />
  <Project Path="VoiceSDK.Runtime.csproj" />
  <Project Path="Unity.VisualScripting.Shared.Editor.csproj" />
  <Project Path="Oculus.Interaction.InterfaceSupport.csproj" />
  <Project Path="AssistantCoreSDKRuntime.csproj" />
  <Project Path="Facebook.Wit.Conduit.csproj" />
  <Project Path="Oculus.AudioManager.Audio.Editor.csproj" />
  <Project Path="Facebook.Wit.Conduit.Editor.csproj" />
  <Project Path="Unity.EditorCoroutines.Editor.csproj" />
  <Project Path="Oculus.Spatializer.Editor.csproj" />
  <Project Path="Oculus.Spatializer.csproj" />
  <Project Path="Unity.XR.OpenXR.Features.MetaQuestSupport.csproj" />
  <Project Path="Unity.CollabProxy.Editor.csproj" />
  <Project Path="Oculus.AudioManager.csproj" />
  <Project Path="Unity.XR.OpenXR.Features.RuntimeDebugger.csproj" />
  <Project Path="UnityEngine.SpatialTracking.csproj" />
  <Project Path="Unity.XR.OpenXR.Features.OculusQuestSupport.Editor.csproj" />
  <Project Path="VoiceSDK.Dictation.Editor.csproj" />
  <Project Path="UnityEngine.XR.LegacyInputHelpers.csproj" />
  <Project Path="Unity.XR.OpenXR.Features.RuntimeDebugger.Editor.csproj" />
  <Project Path="Facebook.Wit.Dictation.Editor.csproj" />
  <Project Path="Unity.XR.OpenXR.Features.MetaHandMeshData.csproj" />
  <Project Path="Unity.InputSystem.DocCodeSamples.csproj" />
  <Project Path="Unity.InternalAPIEngineBridge.004.csproj" />
  <Project Path="Oculus.LipSync.Editor.csproj" />
  <Project Path="Unity.XR.OpenXR.Features.MetaHandMeshData.Editor.csproj" />
  <Project Path="Unity.VisualScripting.DocCodeExamples.csproj" />
  <Project Path="Unity.XR.OpenXR.TestTooling.csproj" />
  <Project Path="AssistantCoreSDKEditor.csproj" />
  <Project Path="Unity.XR.OpenXR.Features.ConformanceAutomation.csproj" />
  <Project Path="Unity.PlasticSCM.Editor.Entities.csproj" />
  <Project Path="Unity.XR.OpenXR.Features.MockRuntime.csproj" />
  <Project Path="UnityEditor.SpatialTracking.csproj" />
  <Project Path="Unity.XR.OpenXR.Features.OculusQuestSupport.csproj" />
</Solution>
